# This file is automatically @generated by Cargo.
# It is not intended for manual editing.
version = 3

[[package]]
name = "muse-generator"
version = "0.1.0"

[[package]]
name = "muse-parser"
version = "0.1.0"

[[package]]
name = "muse-traverse"
version = "0.1.0"

[[package]]
name = "muse-types"
version = "0.1.0"
